
Microsoft Visual Studio Solution File, Format Version 12.00
# Visual Studio Version 16
VisualStudioVersion = 25.0.1706.0
MinimumVisualStudioVersion = 10.0.40219.1
Project("{FAE04EC0-301F-11D3-BF4B-00C04F79EFBC}") = "ApptentiveFeedback", "ApptentiveFeedback\ApptentiveFeedback.csproj", "{9FEB56A5-44F4-416B-A51D-88C715629AA6}"
EndProject
Global
	GlobalSection(SolutionConfigurationPlatforms) = preSolution
		Debug|Any CPU = Debug|Any CPU
		Release|Any CPU = Release|Any CPU
	EndGlobalSection
	GlobalSection(ProjectConfigurationPlatforms) = postSolution
		{9FEB56A5-44F4-416B-A51D-88C715629AA6}.Debug|Any CPU.ActiveCfg = Debug|Any CPU
		{9FEB56A5-44F4-416B-A51D-88C715629AA6}.Debug|Any CPU.Build.0 = Debug|Any CPU
		{9FEB56A5-44F4-416B-A51D-88C715629AA6}.Release|Any CPU.ActiveCfg = Release|Any CPU
		{9FEB56A5-44F4-416B-A51D-88C715629AA6}.Release|Any CPU.Build.0 = Release|Any CPU
	EndGlobalSection
	GlobalSection(SolutionProperties) = preSolution
		HideSolutionNode = FALSE
	EndGlobalSection
	GlobalSection(ExtensibilityGlobals) = postSolution
		SolutionGuid = {C19FC3B6-30CC-4984-8149-9C6DFA36F2F4}
	EndGlobalSection
EndGlobal
