
Microsoft Visual Studio Solution File, Format Version 12.00
# Visual Studio Version 16
VisualStudioVersion = 25.0.1706.0
MinimumVisualStudioVersion = 10.0.40219.1
Project("{FAE04EC0-301F-11D3-BF4B-00C04F79EFBC}") = "ApptentiveCore", "ApptentiveCore\ApptentiveCore.csproj", "{291E799E-F3F7-452B-BA2D-47EE5D43FD88}"
EndProject
Global
	GlobalSection(SolutionConfigurationPlatforms) = preSolution
		Debug|Any CPU = Debug|Any CPU
		Release|Any CPU = Release|Any CPU
	EndGlobalSection
	GlobalSection(ProjectConfigurationPlatforms) = postSolution
		{291E799E-F3F7-452B-BA2D-47EE5D43FD88}.Debug|Any CPU.ActiveCfg = Debug|Any CPU
		{291E799E-F3F7-452B-BA2D-47EE5D43FD88}.Debug|Any CPU.Build.0 = Debug|Any CPU
		{291E799E-F3F7-452B-BA2D-47EE5D43FD88}.Release|Any CPU.ActiveCfg = Release|Any CPU
		{291E799E-F3F7-452B-BA2D-47EE5D43FD88}.Release|Any CPU.Build.0 = Release|Any CPU
	EndGlobalSection
	GlobalSection(SolutionProperties) = preSolution
		HideSolutionNode = FALSE
	EndGlobalSection
	GlobalSection(ExtensibilityGlobals) = postSolution
		SolutionGuid = {3B84EFA9-7A40-4A3C-A464-66FD2309FF4F}
	EndGlobalSection
EndGlobal
