
Microsoft Visual Studio Solution File, Format Version 12.00
# Visual Studio Version 16
VisualStudioVersion = 25.0.1706.0
MinimumVisualStudioVersion = 10.0.40219.1
Project("{FAE04EC0-301F-11D3-BF4B-00C04F79EFBC}") = "ApptentiveMessageCenter", "ApptentiveMessageCenter\ApptentiveMessageCenter.csproj", "{E46FBD70-810B-48CC-A278-4BCCCAC2DC3C}"
EndProject
Global
	GlobalSection(SolutionConfigurationPlatforms) = preSolution
		Debug|Any CPU = Debug|Any CPU
		Release|Any CPU = Release|Any CPU
	EndGlobalSection
	GlobalSection(ProjectConfigurationPlatforms) = postSolution
		{E46FBD70-810B-48CC-A278-4BCCCAC2DC3C}.Debug|Any CPU.ActiveCfg = Debug|Any CPU
		{E46FBD70-810B-48CC-A278-4BCCCAC2DC3C}.Debug|Any CPU.Build.0 = Debug|Any CPU
		{E46FBD70-810B-48CC-A278-4BCCCAC2DC3C}.Release|Any CPU.ActiveCfg = Release|Any CPU
		{E46FBD70-810B-48CC-A278-4BCCCAC2DC3C}.Release|Any CPU.Build.0 = Release|Any CPU
	EndGlobalSection
	GlobalSection(SolutionProperties) = preSolution
		HideSolutionNode = FALSE
	EndGlobalSection
	GlobalSection(ExtensibilityGlobals) = postSolution
		SolutionGuid = {855653DD-0A23-43A1-82D7-312AA7F4B55B}
	EndGlobalSection
EndGlobal
