
Microsoft Visual Studio Solution File, Format Version 12.00
# Visual Studio Version 16
VisualStudioVersion = 25.0.1706.0
MinimumVisualStudioVersion = 10.0.40219.1
Project("{FAE04EC0-301F-11D3-BF4B-00C04F79EFBC}") = "ApptentiveNavigateToLink", "ApptentiveNavigateToLink\ApptentiveNavigateToLink.csproj", "{99533E38-4A69-4460-A505-D245740B7720}"
EndProject
Global
	GlobalSection(SolutionConfigurationPlatforms) = preSolution
		Debug|Any CPU = Debug|Any CPU
		Release|Any CPU = Release|Any CPU
	EndGlobalSection
	GlobalSection(ProjectConfigurationPlatforms) = postSolution
		{99533E38-4A69-4460-A505-D245740B7720}.Debug|Any CPU.ActiveCfg = Debug|Any CPU
		{99533E38-4A69-4460-A505-D245740B7720}.Debug|Any CPU.Build.0 = Debug|Any CPU
		{99533E38-4A69-4460-A505-D245740B7720}.Release|Any CPU.ActiveCfg = Release|Any CPU
		{99533E38-4A69-4460-A505-D245740B7720}.Release|Any CPU.Build.0 = Release|Any CPU
	EndGlobalSection
	GlobalSection(SolutionProperties) = preSolution
		HideSolutionNode = FALSE
	EndGlobalSection
	GlobalSection(ExtensibilityGlobals) = postSolution
		SolutionGuid = {FE6AE699-4DDE-4DED-A699-75873AE7350B}
	EndGlobalSection
EndGlobal
